// !$*UTF8*$!
{
	archiveVersion = 1;
	classes = {
	};
	objectVersion = 50;
	objects = {

/* Begin PBXBuildFile section */
		8F0404452231E365004BE439 /* AppDelegate.swift in Sources */ = {isa = PBXBuildFile; fileRef = 8F0404442231E365004BE439 /* AppDelegate.swift */; };
		8F04044A2231E365004BE439 /* Main.storyboard in Resources */ = {isa = PBXBuildFile; fileRef = 8F0404482231E365004BE439 /* Main.storyboard */; };
		8F04044C2231E369004BE439 /* Assets.xcassets in Resources */ = {isa = PBXBuildFile; fileRef = 8F04044B2231E369004BE439 /* Assets.xcassets */; };
		8F04044F2231E369004BE439 /* LaunchScreen.storyboard in Resources */ = {isa = PBXBuildFile; fileRef = 8F04044D2231E369004BE439 /* LaunchScreen.storyboard */; };
		8F0404572231E4F6004BE439 /* IndianHeritageTableViewController.swift in Sources */ = {isa = PBXBuildFile; fileRef = 8F0404562231E4F6004BE439 /* IndianHeritageTableViewController.swift */; };
		8F04045D2231E650004BE439 /* HeritageDetails.swift in Sources */ = {isa = PBXBuildFile; fileRef = 8F04045C2231E650004BE439 /* HeritageDetails.swift */; };
		8F04045F2231E6AA004BE439 /* IndianHeritage.xcodeproj in Sources */ = {isa = PBXBuildFile; fileRef = 8F04045E2231E6AA004BE439 /* IndianHeritage.xcodeproj */; };
		8F0404612231E6F6004BE439 /* XMLHeritageParser.swift in Sources */ = {isa = PBXBuildFile; fileRef = 8F0404602231E6F6004BE439 /* XMLHeritageParser.swift */; };
		8F0404652231E843004BE439 /* Images in Resources */ = {isa = PBXBuildFile; fileRef = 8F0404642231E843004BE439 /* Images */; };
		8F0404672231E84F004BE439 /* heritage.xml in Resources */ = {isa = PBXBuildFile; fileRef = 8F0404662231E84F004BE439 /* heritage.xml */; };
		8F0404692231EB0B004BE439 /* Place.swift in Sources */ = {isa = PBXBuildFile; fileRef = 8F0404682231EB0B004BE439 /* Place.swift */; };
		8F1C74EC223301B8002E37C5 /* SelectedHeritageViewController.swift in Sources */ = {isa = PBXBuildFile; fileRef = 8F1C74EB223301B8002E37C5 /* SelectedHeritageViewController.swift */; };
		8F1C74F222345071002E37C5 /* MoreInformationViewController.swift in Sources */ = {isa = PBXBuildFile; fileRef = 8F1C74F122345071002E37C5 /* MoreInformationViewController.swift */; };
		8F69E12922345FC4009DCF5D /* WebsiteViewController.swift in Sources */ = {isa = PBXBuildFile; fileRef = 8F69E12822345FC4009DCF5D /* WebsiteViewController.swift */; };
/* End PBXBuildFile section */

/* Begin PBXFileReference section */
		8F0404412231E365004BE439 /* IndianHeritage.app */ = {isa = PBXFileReference; explicitFileType = wrapper.application; includeInIndex = 0; path = IndianHeritage.app; sourceTree = BUILT_PRODUCTS_DIR; };
		8F0404442231E365004BE439 /* AppDelegate.swift */ = {isa = PBXFileReference; lastKnownFileType = sourcecode.swift; path = AppDelegate.swift; sourceTree = "<group>"; };
		8F0404492231E365004BE439 /* Base */ = {isa = PBXFileReference; lastKnownFileType = file.storyboard; name = Base; path = Base.lproj/Main.storyboard; sourceTree = "<group>"; };
		8F04044B2231E369004BE439 /* Assets.xcassets */ = {isa = PBXFileReference; lastKnownFileType = folder.assetcatalog; path = Assets.xcassets; sourceTree = "<group>"; };
		8F04044E2231E369004BE439 /* Base */ = {isa = PBXFileReference; lastKnownFileType = file.storyboard; name = Base; path = Base.lproj/LaunchScreen.storyboard; sourceTree = "<group>"; };
		8F0404502231E369004BE439 /* Info.plist */ = {isa = PBXFileReference; lastKnownFileType = text.plist.xml; path = Info.plist; sourceTree = "<group>"; };
		8F0404562231E4F6004BE439 /* IndianHeritageTableViewController.swift */ = {isa = PBXFileReference; lastKnownFileType = sourcecode.swift; path = IndianHeritageTableViewController.swift; sourceTree = "<group>"; };
		8F04045C2231E650004BE439 /* HeritageDetails.swift */ = {isa = PBXFileReference; fileEncoding = 4; lastKnownFileType = sourcecode.swift; path = HeritageDetails.swift; sourceTree = "<group>"; };
		8F04045E2231E6AA004BE439 /* IndianHeritage.xcodeproj */ = {isa = PBXFileReference; fileEncoding = 4; lastKnownFileType = "wrapper.pb-project"; path = IndianHeritage.xcodeproj; sourceTree = SOURCE_ROOT; };
		8F0404602231E6F6004BE439 /* XMLHeritageParser.swift */ = {isa = PBXFileReference; lastKnownFileType = sourcecode.swift; path = XMLHeritageParser.swift; sourceTree = "<group>"; };
		8F0404642231E843004BE439 /* Images */ = {isa = PBXFileReference; lastKnownFileType = folder; path = Images; sourceTree = "<group>"; };
		8F0404662231E84F004BE439 /* heritage.xml */ = {isa = PBXFileReference; fileEncoding = 4; lastKnownFileType = text.xml; path = heritage.xml; sourceTree = "<group>"; };
		8F0404682231EB0B004BE439 /* Place.swift */ = {isa = PBXFileReference; lastKnownFileType = sourcecode.swift; path = Place.swift; sourceTree = "<group>"; };
		8F1C74EB223301B8002E37C5 /* SelectedHeritageViewController.swift */ = {isa = PBXFileReference; lastKnownFileType = sourcecode.swift; path = SelectedHeritageViewController.swift; sourceTree = "<group>"; };
		8F1C74F122345071002E37C5 /* MoreInformationViewController.swift */ = {isa = PBXFileReference; lastKnownFileType = sourcecode.swift; path = MoreInformationViewController.swift; sourceTree = "<group>"; };
		8F69E12822345FC4009DCF5D /* WebsiteViewController.swift */ = {isa = PBXFileReference; lastKnownFileType = sourcecode.swift; path = WebsiteViewController.swift; sourceTree = "<group>"; };
/* End PBXFileReference section */

/* Begin PBXFrameworksBuildPhase section */
		8F04043E2231E365004BE439 /* Frameworks */ = {
			isa = PBXFrameworksBuildPhase;
			buildActionMask = 2147483647;
			files = (
			);
			runOnlyForDeploymentPostprocessing = 0;
		};
/* End PBXFrameworksBuildPhase section */

/* Begin PBXGroup section */
		8F0404382231E365004BE439 = {
			isa = PBXGroup;
			children = (
				8F0404432231E365004BE439 /* IndianHeritage */,
				8F0404422231E365004BE439 /* Products */,
			);
			sourceTree = "<group>";
		};
		8F0404422231E365004BE439 /* Products */ = {
			isa = PBXGroup;
			children = (
				8F0404412231E365004BE439 /* IndianHeritage.app */,
			);
			name = Products;
			sourceTree = "<group>";
		};
		8F0404432231E365004BE439 /* IndianHeritage */ = {
			isa = PBXGroup;
			children = (
				8F0404662231E84F004BE439 /* heritage.xml */,
				8F0404642231E843004BE439 /* Images */,
				8F0404442231E365004BE439 /* AppDelegate.swift */,
				8F0404482231E365004BE439 /* Main.storyboard */,
				8F04044B2231E369004BE439 /* Assets.xcassets */,
				8F04044D2231E369004BE439 /* LaunchScreen.storyboard */,
				8F04045E2231E6AA004BE439 /* IndianHeritage.xcodeproj */,
				8F04045C2231E650004BE439 /* HeritageDetails.swift */,
				8F0404502231E369004BE439 /* Info.plist */,
				8F0404562231E4F6004BE439 /* IndianHeritageTableViewController.swift */,
				8F0404602231E6F6004BE439 /* XMLHeritageParser.swift */,
				8F0404682231EB0B004BE439 /* Place.swift */,
				8F1C74EB223301B8002E37C5 /* SelectedHeritageViewController.swift */,
				8F1C74F122345071002E37C5 /* MoreInformationViewController.swift */,
				8F69E12822345FC4009DCF5D /* WebsiteViewController.swift */,
			);
			path = IndianHeritage;
			sourceTree = "<group>";
		};
		8F8D0508225961FA001A6980 /* Products */ = {
			isa = PBXGroup;
			name = Products;
			sourceTree = "<group>";
		};
/* End PBXGroup section */

/* Begin PBXNativeTarget section */
		8F0404402231E365004BE439 /* IndianHeritage */ = {
			isa = PBXNativeTarget;
			buildConfigurationList = 8F0404532231E369004BE439 /* Build configuration list for PBXNativeTarget "IndianHeritage" */;
			buildPhases = (
				8F04043D2231E365004BE439 /* Sources */,
				8F04043E2231E365004BE439 /* Frameworks */,
				8F04043F2231E365004BE439 /* Resources */,
			);
			buildRules = (
			);
			dependencies = (
			);
			name = IndianHeritage;
			productName = IndianHeritage;
			productReference = 8F0404412231E365004BE439 /* IndianHeritage.app */;
			productType = "com.apple.product-type.application";
		};
/* End PBXNativeTarget section */

/* Begin PBXProject section */
		8F0404392231E365004BE439 /* Project object */ = {
			isa = PBXProject;
			attributes = {
				LastSwiftUpdateCheck = 1010;
				LastUpgradeCheck = 1010;
				ORGANIZATIONNAME = Rohit;
				TargetAttributes = {
					8F0404402231E365004BE439 = {
						CreatedOnToolsVersion = 10.1;
					};
				};
			};
			buildConfigurationList = 8F04043C2231E365004BE439 /* Build configuration list for PBXProject "IndianHeritage" */;
			compatibilityVersion = "Xcode 9.3";
			developmentRegion = en;
			hasScannedForEncodings = 0;
			knownRegions = (
				en,
				Base,
			);
			mainGroup = 8F0404382231E365004BE439;
			productRefGroup = 8F0404422231E365004BE439 /* Products */;
			projectDirPath = "";
			projectReferences = (
				{
					ProductGroup = 8F8D0508225961FA001A6980 /* Products */;
					ProjectRef = 8F04045E2231E6AA004BE439 /* IndianHeritage.xcodeproj */;
				},
			);
			projectRoot = "";
			targets = (
				8F0404402231E365004BE439 /* IndianHeritage */,
			);
		};
/* End PBXProject section */

/* Begin PBXResourcesBuildPhase section */
		8F04043F2231E365004BE439 /* Resources */ = {
			isa = PBXResourcesBuildPhase;
			buildActionMask = 2147483647;
			files = (
				8F0404672231E84F004BE439 /* heritage.xml in Resources */,
				8F0404652231E843004BE439 /* Images in Resources */,
				8F04044F2231E369004BE439 /* LaunchScreen.storyboard in Resources */,
				8F04044C2231E369004BE439 /* Assets.xcassets in Resources */,
				8F04044A2231E365004BE439 /* Main.storyboard in Resources */,
			);
			runOnlyForDeploymentPostprocessing = 0;
		};
/* End PBXResourcesBuildPhase section */

/* Begin PBXSourcesBuildPhase section */
		8F04043D2231E365004BE439 /* Sources */ = {
			isa = PBXSourcesBuildPhase;
			buildActionMask = 2147483647;
			files = (
				8F69E12922345FC4009DCF5D /* WebsiteViewController.swift in Sources */,
				8F04045F2231E6AA004BE439 /* IndianHeritage.xcodeproj in Sources */,
				8F0404612231E6F6004BE439 /* XMLHeritageParser.swift in Sources */,
				8F1C74EC223301B8002E37C5 /* SelectedHeritageViewController.swift in Sources */,
				8F0404452231E365004BE439 /* AppDelegate.swift in Sources */,
				8F0404692231EB0B004BE439 /* Place.swift in Sources */,
				8F0404572231E4F6004BE439 /* IndianHeritageTableViewController.swift in Sources */,
				8F1C74F222345071002E37C5 /* MoreInformationViewController.swift in Sources */,
				8F04045D2231E650004BE439 /* HeritageDetails.swift in Sources */,
			);
			runOnlyForDeploymentPostprocessing = 0;
		};
/* End PBXSourcesBuildPhase section */

/* Begin PBXVariantGroup section */
		8F0404482231E365004BE439 /* Main.storyboard */ = {
			isa = PBXVariantGroup;
			children = (
				8F0404492231E365004BE439 /* Base */,
			);
			name = Main.storyboard;
			sourceTree = "<group>";
		};
		8F04044D2231E369004BE439 /* LaunchScreen.storyboard */ = {
			isa = PBXVariantGroup;
			children = (
				8F04044E2231E369004BE439 /* Base */,
			);
			name = LaunchScreen.storyboard;
			sourceTree = "<group>";
		};
/* End PBXVariantGroup section */

/* Begin XCBuildConfiguration section */
		8F0404512231E369004BE439 /* Debug */ = {
			isa = XCBuildConfiguration;
			buildSettings = {
				ALWAYS_SEARCH_USER_PATHS = NO;
				CLANG_ANALYZER_NONNULL = YES;
				CLANG_ANALYZER_NUMBER_OBJECT_CONVERSION = YES_AGGRESSIVE;
				CLANG_CXX_LANGUAGE_STANDARD = "gnu++14";
				CLANG_CXX_LIBRARY = "libc++";
				CLANG_ENABLE_MODULES = YES;
				CLANG_ENABLE_OBJC_ARC = YES;
				CLANG_ENABLE_OBJC_WEAK = YES;
				CLANG_WARN_BLOCK_CAPTURE_AUTORELEASING = YES;
				CLANG_WARN_BOOL_CONVERSION = YES;
				CLANG_WARN_COMMA = YES;
				CLANG_WARN_CONSTANT_CONVERSION = YES;
				CLANG_WARN_DEPRECATED_OBJC_IMPLEMENTATIONS = YES;
				CLANG_WARN_DIRECT_OBJC_ISA_USAGE = YES_ERROR;
				CLANG_WARN_DOCUMENTATION_COMMENTS = YES;
				CLANG_WARN_EMPTY_BODY = YES;
				CLANG_WARN_ENUM_CONVERSION = YES;
				CLANG_WARN_INFINITE_RECURSION = YES;
				CLANG_WARN_INT_CONVERSION = YES;
				CLANG_WARN_NON_LITERAL_NULL_CONVERSION = YES;
				CLANG_WARN_OBJC_IMPLICIT_RETAIN_SELF = YES;
				CLANG_WARN_OBJC_LITERAL_CONVERSION = YES;
				CLANG_WARN_OBJC_ROOT_CLASS = YES_ERROR;
				CLANG_WARN_RANGE_LOOP_ANALYSIS = YES;
				CLANG_WARN_STRICT_PROTOTYPES = YES;
				CLANG_WARN_SUSPICIOUS_MOVE = YES;
				CLANG_WARN_UNGUARDED_AVAILABILITY = YES_AGGRESSIVE;
				CLANG_WARN_UNREACHABLE_CODE = YES;
				CLANG_WARN__DUPLICATE_METHOD_MATCH = YES;
				CODE_SIGN_IDENTITY = "iPhone Developer";
				COPY_PHASE_STRIP = NO;
				DEBUG_INFORMATION_FORMAT = dwarf;
				ENABLE_STRICT_OBJC_MSGSEND = YES;
				ENABLE_TESTABILITY = YES;
				GCC_C_LANGUAGE_STANDARD = gnu11;
				GCC_DYNAMIC_NO_PIC = NO;
				GCC_NO_COMMON_BLOCKS = YES;
				GCC_OPTIMIZATION_LEVEL = 0;
				GCC_PREPROCESSOR_DEFINITIONS = (
					"DEBUG=1",
					"$(inherited)",
				);
				GCC_WARN_64_TO_32_BIT_CONVERSION = YES;
				GCC_WARN_ABOUT_RETURN_TYPE = YES_ERROR;
				GCC_WARN_UNDECLARED_SELECTOR = YES;
				GCC_WARN_UNINITIALIZED_AUTOS = YES_AGGRESSIVE;
				GCC_WARN_UNUSED_FUNCTION = YES;
				GCC_WARN_UNUSED_VARIABLE = YES;
				IPHONEOS_DEPLOYMENT_TARGET = 12.1;
				MTL_ENABLE_DEBUG_INFO = INCLUDE_SOURCE;
				MTL_FAST_MATH = YES;
				ONLY_ACTIVE_ARCH = YES;
				SDKROOT = iphoneos;
				SWIFT_ACTIVE_COMPILATION_CONDITIONS = DEBUG;
				SWIFT_OPTIMIZATION_LEVEL = "-Onone";
			};
			name = Debug;
		};
		8F0404522231E369004BE439 /* Release */ = {
			isa = XCBuildConfiguration;
			buildSettings = {
				ALWAYS_SEARCH_USER_PATHS = NO;
				CLANG_ANALYZER_NONNULL = YES;
				CLANG_ANALYZER_NUMBER_OBJECT_CONVERSION = YES_AGGRESSIVE;
				CLANG_CXX_LANGUAGE_STANDARD = "gnu++14";
				CLANG_CXX_LIBRARY = "libc++";
				CLANG_ENABLE_MODULES = YES;
				CLANG_ENABLE_OBJC_ARC = YES;
				CLANG_ENABLE_OBJC_WEAK = YES;
				CLANG_WARN_BLOCK_CAPTURE_AUTORELEASING = YES;
				CLANG_WARN_BOOL_CONVERSION = YES;
				CLANG_WARN_COMMA = YES;
				CLANG_WARN_CONSTANT_CONVERSION = YES;
				CLANG_WARN_DEPRECATED_OBJC_IMPLEMENTATIONS = YES;
				CLANG_WARN_DIRECT_OBJC_ISA_USAGE = YES_ERROR;
				CLANG_WARN_DOCUMENTATION_COMMENTS = YES;
				CLANG_WARN_EMPTY_BODY = YES;
				CLANG_WARN_ENUM_CONVERSION = YES;
				CLANG_WARN_INFINITE_RECURSION = YES;
				CLANG_WARN_INT_CONVERSION = YES;
				CLANG_WARN_NON_LITERAL_NULL_CONVERSION = YES;
				CLANG_WARN_OBJC_IMPLICIT_RETAIN_SELF = YES;
				CLANG_WARN_OBJC_LITERAL_CONVERSION = YES;
				CLANG_WARN_OBJC_ROOT_CLASS = YES_ERROR;
				CLANG_WARN_RANGE_LOOP_ANALYSIS = YES;
				CLANG_WARN_STRICT_PROTOTYPES = YES;
				CLANG_WARN_SUSPICIOUS_MOVE = YES;
				CLANG_WARN_UNGUARDED_AVAILABILITY = YES_AGGRESSIVE;
				CLANG_WARN_UNREACHABLE_CODE = YES;
				CLANG_WARN__DUPLICATE_METHOD_MATCH = YES;
				CODE_SIGN_IDENTITY = "iPhone Developer";
				COPY_PHASE_STRIP = NO;
				DEBUG_INFORMATION_FORMAT = "dwarf-with-dsym";
				ENABLE_NS_ASSERTIONS = NO;
				ENABLE_STRICT_OBJC_MSGSEND = YES;
				GCC_C_LANGUAGE_STANDARD = gnu11;
				GCC_NO_COMMON_BLOCKS = YES;
				GCC_WARN_64_TO_32_BIT_CONVERSION = YES;
				GCC_WARN_ABOUT_RETURN_TYPE = YES_ERROR;
				GCC_WARN_UNDECLARED_SELECTOR = YES;
				GCC_WARN_UNINITIALIZED_AUTOS = YES_AGGRESSIVE;
				GCC_WARN_UNUSED_FUNCTION = YES;
				GCC_WARN_UNUSED_VARIABLE = YES;
				IPHONEOS_DEPLOYMENT_TARGET = 12.1;
				MTL_ENABLE_DEBUG_INFO = NO;
				MTL_FAST_MATH = YES;
				SDKROOT = iphoneos;
				SWIFT_COMPILATION_MODE = wholemodule;
				SWIFT_OPTIMIZATION_LEVEL = "-O";
				VALIDATE_PRODUCT = YES;
			};
			name = Release;
		};
		8F0404542231E369004BE439 /* Debug */ = {
			isa = XCBuildConfiguration;
			buildSettings = {
				ASSETCATALOG_COMPILER_APPICON_NAME = AppIcon;
				CODE_SIGN_STYLE = Automatic;
				DEVELOPMENT_TEAM = 39DM6AWNCK;
				INFOPLIST_FILE = IndianHeritage/Info.plist;
				LD_RUNPATH_SEARCH_PATHS = (
					"$(inherited)",
					"@executable_path/Frameworks",
				);
				PRODUCT_BUNDLE_IDENTIFIER = UCC.IndianHeritage;
				PRODUCT_NAME = "$(TARGET_NAME)";
				SWIFT_VERSION = 4.2;
				TARGETED_DEVICE_FAMILY = "1,2";
			};
			name = Debug;
		};
		8F0404552231E369004BE439 /* Release */ = {
			isa = XCBuildConfiguration;
			buildSettings = {
				ASSETCATALOG_COMPILER_APPICON_NAME = AppIcon;
				CODE_SIGN_STYLE = Automatic;
				DEVELOPMENT_TEAM = 39DM6AWNCK;
				INFOPLIST_FILE = IndianHeritage/Info.plist;
				LD_RUNPATH_SEARCH_PATHS = (
					"$(inherited)",
					"@executable_path/Frameworks",
				);
				PRODUCT_BUNDLE_IDENTIFIER = UCC.IndianHeritage;
				PRODUCT_NAME = "$(TARGET_NAME)";
				SWIFT_VERSION = 4.2;
				TARGETED_DEVICE_FAMILY = "1,2";
			};
			name = Release;
		};
/* End XCBuildConfiguration section */

/* Begin XCConfigurationList section */
		8F04043C2231E365004BE439 /* Build configuration list for PBXProject "IndianHeritage" */ = {
			isa = XCConfigurationList;
			buildConfigurations = (
				8F0404512231E369004BE439 /* Debug */,
				8F0404522231E369004BE439 /* Release */,
			);
			defaultConfigurationIsVisible = 0;
			defaultConfigurationName = Release;
		};
		8F0404532231E369004BE439 /* Build configuration list for PBXNativeTarget "IndianHeritage" */ = {
			isa = XCConfigurationList;
			buildConfigurations = (
				8F0404542231E369004BE439 /* Debug */,
				8F0404552231E369004BE439 /* Release */,
			);
			defaultConfigurationIsVisible = 0;
			defaultConfigurationName = Release;
		};
/* End XCConfigurationList section */
	};
	rootObject = 8F0404392231E365004BE439 /* Project object */;
}
